
Microsoft Visual Studio Solution File, Format Version 11.00
# Visual Studio 2010
Project("{FAE04EC0-301F-11D3-BF4B-00C04F79EFBC}") = "TrackerModels", "TrackerModels\TrackerModels.csproj", "{E3311237-5FB5-4950-9C8C-F19F18B57B05}"
EndProject
Project("{FAE04EC0-301F-11D3-BF4B-00C04F79EFBC}") = "TrackerRepositories", "TrackerRepositories\TrackerRepositories.csproj", "{EBDA147F-30E1-4391-AA00-9FB3438BB031}"
EndProject
Global
	GlobalSection(SolutionConfigurationPlatforms) = preSolution
		Debug|Any CPU = Debug|Any CPU
		Release|Any CPU = Release|Any CPU
	EndGlobalSection
	GlobalSection(ProjectConfigurationPlatforms) = postSolution
		{E3311237-5FB5-4950-9C8C-F19F18B57B05}.Debug|Any CPU.ActiveCfg = Debug|Any CPU
		{E3311237-5FB5-4950-9C8C-F19F18B57B05}.Debug|Any CPU.Build.0 = Debug|Any CPU
		{E3311237-5FB5-4950-9C8C-F19F18B57B05}.Release|Any CPU.ActiveCfg = Release|Any CPU
		{E3311237-5FB5-4950-9C8C-F19F18B57B05}.Release|Any CPU.Build.0 = Release|Any CPU
		{EBDA147F-30E1-4391-AA00-9FB3438BB031}.Debug|Any CPU.ActiveCfg = Debug|Any CPU
		{EBDA147F-30E1-4391-AA00-9FB3438BB031}.Debug|Any CPU.Build.0 = Debug|Any CPU
		{EBDA147F-30E1-4391-AA00-9FB3438BB031}.Release|Any CPU.ActiveCfg = Release|Any CPU
		{EBDA147F-30E1-4391-AA00-9FB3438BB031}.Release|Any CPU.Build.0 = Release|Any CPU
	EndGlobalSection
	GlobalSection(SolutionProperties) = preSolution
		HideSolutionNode = FALSE
	EndGlobalSection
EndGlobal
